
Microsoft Visual Studio Solution File, Format Version 12.00
# Visual Studio 15
Project("{FAE04EC0-301F-11D3-BF4B-00C04F79EFBC}") = "Assembly-CSharp", "Assembly-CSharp.csproj", "{F4EF4D58-6405-97B0-DEE4-E6FF9D3BC83F}"
EndProject
Project("{FAE04EC0-301F-11D3-BF4B-00C04F79EFBC}") = "Assembly-CSharp-Editor", "Assembly-CSharp-Editor.csproj", "{C5441BB9-419E-44AB-F46B-B4266FEBB9B7}"
EndProject
Global
	GlobalSection(SolutionConfigurationPlatforms) = preSolution
		Debug|Any CPU = Debug|Any CPU
		Release|Any CPU = Release|Any CPU
	EndGlobalSection
	GlobalSection(ProjectConfigurationPlatforms) = postSolution
		{F4EF4D58-6405-97B0-DEE4-E6FF9D3BC83F}.Debug|Any CPU.ActiveCfg = Debug|Any CPU
		{F4EF4D58-6405-97B0-DEE4-E6FF9D3BC83F}.Debug|Any CPU.Build.0 = Debug|Any CPU
		{F4EF4D58-6405-97B0-DEE4-E6FF9D3BC83F}.Release|Any CPU.ActiveCfg = Release|Any CPU
		{F4EF4D58-6405-97B0-DEE4-E6FF9D3BC83F}.Release|Any CPU.Build.0 = Release|Any CPU
		{C5441BB9-419E-44AB-F46B-B4266FEBB9B7}.Debug|Any CPU.ActiveCfg = Debug|Any CPU
		{C5441BB9-419E-44AB-F46B-B4266FEBB9B7}.Debug|Any CPU.Build.0 = Debug|Any CPU
		{C5441BB9-419E-44AB-F46B-B4266FEBB9B7}.Release|Any CPU.ActiveCfg = Release|Any CPU
		{C5441BB9-419E-44AB-F46B-B4266FEBB9B7}.Release|Any CPU.Build.0 = Release|Any CPU
	EndGlobalSection
	GlobalSection(SolutionProperties) = preSolution
		HideSolutionNode = FALSE
	EndGlobalSection
	GlobalSection(MonoDevelopProperties) = preSolution
		StartupItem = Assembly-CSharp.csproj
	EndGlobalSection
EndGlobal
